# THIS IS AN AUTOGENERATED FILE. DO NOT EDIT THIS FILE DIRECTLY.
# yarn lockfile v1


"@types/faker@^5.1.2":
  version "5.1.2"
  resolved "https://registry.yarnpkg.com/@types/faker/-/faker-5.1.2.tgz#3d5a97d5648502d7fb1eeb2809ca105edcd0d59b"
  integrity sha512-a3FADSHjjinczCwr7tTejoMZzbSS5vi70VCyns4C1idxJrDSRGZCQG0s27YppXLcoWrBOkwBbBsZ9vDRDpQK7A==

"@types/googlemaps@^3.40.0":
  version "3.40.0"
  resolved "https://registry.yarnpkg.com/@types/googlemaps/-/googlemaps-3.40.0.tgz#786743648ab464fbeaa4cfe15230a7297273b309"
  integrity sha512-KcAYVKjd5fL0Ur9G4xNL5YG/Bp5HFfdd8s/7j97eFcTyTpp7vIRcf8mtRBAIOM3QNgN2iJhSEecWTG2x8D+bnQ==

faker@^5.1.0:
  version "5.1.0"
  resolved "https://registry.yarnpkg.com/faker/-/faker-5.1.0.tgz#e10fa1dec4502551aee0eb771617a7e7b94692e8"
  integrity sha512-RrWKFSSA/aNLP0g3o2WW1Zez7/MnMr7xkiZmoCfAGZmdkDQZ6l2KtuXHN5XjdvpRjDl8+3vf+Rrtl06Z352+Mw==

typescript@^4.0.3:
  version "4.0.3"
  resolved "https://registry.yarnpkg.com/typescript/-/typescript-4.0.3.tgz#153bbd468ef07725c1df9c77e8b453f8d36abba5"
  integrity sha512-tEu6DGxGgRJPb/mVPIZ48e69xCn2yRmCgYmDugAVwmJ6o+0u1RI18eO7E7WBTLYLaEVVOhwQmcdhQHweux/WPg==
