# THIS IS AN AUTOGENERATED FILE. DO NOT EDIT THIS FILE DIRECTLY.
# yarn lockfile v1


"@types/faker@^5.5.3":
  version "5.5.3"
  resolved "https://registry.yarnpkg.com/@types/faker/-/faker-5.5.3.tgz#80978e52862e5df9e7a96befdfdd8fad882f6350"
  integrity sha512-InxkM6sCFQTI6YQl29M/XGlO19ecv/EHH5X5zLEFdge2/qya8oIT0XkJUKTqheVYWJtGi+FBAfP7hbbunDiOmg==

"@types/googlemaps@^3.43.3":
  version "3.43.3"
  resolved "https://registry.yarnpkg.com/@types/googlemaps/-/googlemaps-3.43.3.tgz#70cf962154a160fe78bcd69d6ccc296dd9175b1f"
  integrity sha512-ZWNoz/O8MPEpiajvj7QiqCY8tTLFNqNZ/a+s+zTV58wFVNAvvqV4bdGfnsjTb5Cs4V6wEsLrX8XRhmnyYJ2Tdg==

faker@^5.5.3:
  version "5.5.3"
  resolved "https://registry.yarnpkg.com/faker/-/faker-5.5.3.tgz#c57974ee484431b25205c2c8dc09fda861e51e0e"
  integrity sha512-wLTv2a28wjUyWkbnX7u/ABZBkUkIF2fCd73V6P2oFqEGEktDfzWx4UxrSqtPRw0xPRAcjeAOIiJWqZm3pP4u3g==

typescript@^4.2.4:
  version "4.2.4"
  resolved "https://registry.yarnpkg.com/typescript/-/typescript-4.2.4.tgz#8610b59747de028fda898a8aef0e103f156d0961"
  integrity sha512-V+evlYHZnQkaz8TRBuxTA92yZBPotr5H+WhQ7bD3hZUndx5tGOa1fuCgeSjxAzM1RiN5IzvadIXTVefuuwZCRg==
